
Microsoft Visual Studio Solution File, Format Version 12.00
# Visual Studio Version 16
VisualStudioVersion = 16.0.30309.148
MinimumVisualStudioVersion = 10.0.40219.1
Project("{FAE04EC0-301F-11D3-BF4B-00C04F79EFBC}") = "TutP4-Ex2-Template", "TutP4-Ex2-Template\TutP4-Ex2-Template.csproj", "{33FBDE55-9BD4-4920-859F-94E8D020A435}"
EndProject
Global
	GlobalSection(SolutionConfigurationPlatforms) = preSolution
		Debug|Any CPU = Debug|Any CPU
		Release|Any CPU = Release|Any CPU
	EndGlobalSection
	GlobalSection(ProjectConfigurationPlatforms) = postSolution
		{33FBDE55-9BD4-4920-859F-94E8D020A435}.Debug|Any CPU.ActiveCfg = Debug|Any CPU
		{33FBDE55-9BD4-4920-859F-94E8D020A435}.Debug|Any CPU.Build.0 = Debug|Any CPU
		{33FBDE55-9BD4-4920-859F-94E8D020A435}.Release|Any CPU.ActiveCfg = Release|Any CPU
		{33FBDE55-9BD4-4920-859F-94E8D020A435}.Release|Any CPU.Build.0 = Release|Any CPU
	EndGlobalSection
	GlobalSection(SolutionProperties) = preSolution
		HideSolutionNode = FALSE
	EndGlobalSection
	GlobalSection(ExtensibilityGlobals) = postSolution
		SolutionGuid = {C320BF5E-3670-44E0-900C-E37D450DDB02}
	EndGlobalSection
EndGlobal
